
Microsoft Visual Studio Solution File, Format Version 12.00
# Visual Studio Version 17
VisualStudioVersion = 17.13.35913.81
MinimumVisualStudioVersion = 10.0.40219.1
Project("{FAE04EC0-301F-11D3-BF4B-00C04F79EFBC}") = "TrimbleBank", "TrimbleBank\TrimbleBank.csproj", "{43B01C42-BE9A-4F08-BFEB-82681EE4A672}"
EndProject
Global
	GlobalSection(SolutionConfigurationPlatforms) = preSolution
		Debug|Any CPU = Debug|Any CPU
		Release|Any CPU = Release|Any CPU
	EndGlobalSection
	GlobalSection(ProjectConfigurationPlatforms) = postSolution
		{43B01C42-BE9A-4F08-BFEB-82681EE4A672}.Debug|Any CPU.ActiveCfg = Debug|Any CPU
		{43B01C42-BE9A-4F08-BFEB-82681EE4A672}.Debug|Any CPU.Build.0 = Debug|Any CPU
		{43B01C42-BE9A-4F08-BFEB-82681EE4A672}.Release|Any CPU.ActiveCfg = Release|Any CPU
		{43B01C42-BE9A-4F08-BFEB-82681EE4A672}.Release|Any CPU.Build.0 = Release|Any CPU
	EndGlobalSection
	GlobalSection(SolutionProperties) = preSolution
		HideSolutionNode = FALSE
	EndGlobalSection
	GlobalSection(ExtensibilityGlobals) = postSolution
		SolutionGuid = {AA5D41A2-4957-4B4B-9DE0-11DCCC94C874}
	EndGlobalSection
EndGlobal
